// !$*UTF8*$!
{
	archiveVersion = 1;
	classes = {
	};
	objectVersion = 46;
	objects = {

/* Begin PBXBuildFile section */
		38D0BCF01FF39E6A00DFF22D /* AppDelegate.swift in Sources */ = {isa = PBXBuildFile; fileRef = 38D0BCEF1FF39E6A00DFF22D /* AppDelegate.swift */; };
		38D0BCF71FF39E6A00DFF22D /* Assets.xcassets in Resources */ = {isa = PBXBuildFile; fileRef = 38D0BCF61FF39E6A00DFF22D /* Assets.xcassets */; };
		38D0BCFA1FF39E6A00DFF22D /* LaunchScreen.storyboard in Resources */ = {isa = PBXBuildFile; fileRef = 38D0BCF81FF39E6A00DFF22D /* LaunchScreen.storyboard */; };
		38D0BD051FF39E6A00DFF22D /* NewspickTests.swift in Sources */ = {isa = PBXBuildFile; fileRef = 38D0BD041FF39E6A00DFF22D /* NewspickTests.swift */; };
		38D0BD101FF39E6A00DFF22D /* NewspickUITests.swift in Sources */ = {isa = PBXBuildFile; fileRef = 38D0BD0F1FF39E6A00DFF22D /* NewspickUITests.swift */; };
		38D0BD231FF3A4FB00DFF22D /* NPLoginViewController.storyboard in Resources */ = {isa = PBXBuildFile; fileRef = 38D0BD221FF3A4FB00DFF22D /* NPLoginViewController.storyboard */; };
		38D0BD251FF3A53B00DFF22D /* NPLoginViewController.swift in Sources */ = {isa = PBXBuildFile; fileRef = 38D0BD241FF3A53B00DFF22D /* NPLoginViewController.swift */; };
		38D0BD281FF3A7D000DFF22D /* Identifiers.swift in Sources */ = {isa = PBXBuildFile; fileRef = 38D0BD271FF3A7D000DFF22D /* Identifiers.swift */; };
		38D0BD2B1FF3FB6800DFF22D /* UtilityFunction.swift in Sources */ = {isa = PBXBuildFile; fileRef = 38D0BD2A1FF3FB6800DFF22D /* UtilityFunction.swift */; };
		38D0BD771FFA294B00DFF22D /* FaceIconCanvasView.swift in Sources */ = {isa = PBXBuildFile; fileRef = 38D0BD761FFA294B00DFF22D /* FaceIconCanvasView.swift */; };
		38D0BD791FFA2B2700DFF22D /* NPFaceIconCanvasViewController.swift in Sources */ = {isa = PBXBuildFile; fileRef = 38D0BD781FFA2B2700DFF22D /* NPFaceIconCanvasViewController.swift */; };
		38D0BD7B1FFA2BE500DFF22D /* FaceIconCanvasViewConstants.swift in Sources */ = {isa = PBXBuildFile; fileRef = 38D0BD7A1FFA2BE500DFF22D /* FaceIconCanvasViewConstants.swift */; };
		38D0BD7D1FFA2FD400DFF22D /* NPFaceIconCanvasViewController.storyboard in Resources */ = {isa = PBXBuildFile; fileRef = 38D0BD7C1FFA2FD400DFF22D /* NPFaceIconCanvasViewController.storyboard */; };
		38D0BD7F1FFA33EF00DFF22D /* FaceIconView.swift in Sources */ = {isa = PBXBuildFile; fileRef = 38D0BD7E1FFA33EF00DFF22D /* FaceIconView.swift */; };
		38D0BD811FFA533700DFF22D /* ImageURLInfo.swift in Sources */ = {isa = PBXBuildFile; fileRef = 38D0BD801FFA533700DFF22D /* ImageURLInfo.swift */; };
		68B98D20B69DB3E796DFA73C /* Pods_NewspickTests.framework in Frameworks */ = {isa = PBXBuildFile; fileRef = 69B5AC4297DD8EBAE2A05240 /* Pods_NewspickTests.framework */; };
		6A56624040A1FE427FFE3436 /* Pods_NewspickUITests.framework in Frameworks */ = {isa = PBXBuildFile; fileRef = 5C306A6E61E0F4FAF43DA438 /* Pods_NewspickUITests.framework */; };
		E226842127BC8D92ED1E1338 /* Pods_Newspick.framework in Frameworks */ = {isa = PBXBuildFile; fileRef = 8C584E54925C0547BABC245F /* Pods_Newspick.framework */; };
/* End PBXBuildFile section */

/* Begin PBXContainerItemProxy section */
		38D0BD011FF39E6A00DFF22D /* PBXContainerItemProxy */ = {
			isa = PBXContainerItemProxy;
			containerPortal = 38D0BCE41FF39E6A00DFF22D /* Project object */;
			proxyType = 1;
			remoteGlobalIDString = 38D0BCEB1FF39E6A00DFF22D;
			remoteInfo = Newspick;
		};
		38D0BD0C1FF39E6A00DFF22D /* PBXContainerItemProxy */ = {
			isa = PBXContainerItemProxy;
			containerPortal = 38D0BCE41FF39E6A00DFF22D /* Project object */;
			proxyType = 1;
			remoteGlobalIDString = 38D0BCEB1FF39E6A00DFF22D;
			remoteInfo = Newspick;
		};
/* End PBXContainerItemProxy section */

/* Begin PBXFileReference section */
		07711E9AC3A948F130159351 /* Pods-NewspickUITests.debug.xcconfig */ = {isa = PBXFileReference; includeInIndex = 1; lastKnownFileType = text.xcconfig; name = "Pods-NewspickUITests.debug.xcconfig"; path = "Pods/Target Support Files/Pods-NewspickUITests/Pods-NewspickUITests.debug.xcconfig"; sourceTree = "<group>"; };
		2B16B11E7EE41E96BD48A73C /* Pods-NewspickUITests.release.xcconfig */ = {isa = PBXFileReference; includeInIndex = 1; lastKnownFileType = text.xcconfig; name = "Pods-NewspickUITests.release.xcconfig"; path = "Pods/Target Support Files/Pods-NewspickUITests/Pods-NewspickUITests.release.xcconfig"; sourceTree = "<group>"; };
		38D0BCEC1FF39E6A00DFF22D /* Newspick.app */ = {isa = PBXFileReference; explicitFileType = wrapper.application; includeInIndex = 0; path = Newspick.app; sourceTree = BUILT_PRODUCTS_DIR; };
		38D0BCEF1FF39E6A00DFF22D /* AppDelegate.swift */ = {isa = PBXFileReference; lastKnownFileType = sourcecode.swift; path = AppDelegate.swift; sourceTree = "<group>"; };
		38D0BCF61FF39E6A00DFF22D /* Assets.xcassets */ = {isa = PBXFileReference; lastKnownFileType = folder.assetcatalog; path = Assets.xcassets; sourceTree = "<group>"; };
		38D0BCF91FF39E6A00DFF22D /* Base */ = {isa = PBXFileReference; lastKnownFileType = file.storyboard; name = Base; path = Base.lproj/LaunchScreen.storyboard; sourceTree = "<group>"; };
		38D0BCFB1FF39E6A00DFF22D /* Info.plist */ = {isa = PBXFileReference; lastKnownFileType = text.plist.xml; path = Info.plist; sourceTree = "<group>"; };
		38D0BD001FF39E6A00DFF22D /* NewspickTests.xctest */ = {isa = PBXFileReference; explicitFileType = wrapper.cfbundle; includeInIndex = 0; path = NewspickTests.xctest; sourceTree = BUILT_PRODUCTS_DIR; };
		38D0BD041FF39E6A00DFF22D /* NewspickTests.swift */ = {isa = PBXFileReference; lastKnownFileType = sourcecode.swift; path = NewspickTests.swift; sourceTree = "<group>"; };
		38D0BD061FF39E6A00DFF22D /* Info.plist */ = {isa = PBXFileReference; lastKnownFileType = text.plist.xml; path = Info.plist; sourceTree = "<group>"; };
		38D0BD0B1FF39E6A00DFF22D /* NewspickUITests.xctest */ = {isa = PBXFileReference; explicitFileType = wrapper.cfbundle; includeInIndex = 0; path = NewspickUITests.xctest; sourceTree = BUILT_PRODUCTS_DIR; };
		38D0BD0F1FF39E6A00DFF22D /* NewspickUITests.swift */ = {isa = PBXFileReference; lastKnownFileType = sourcecode.swift; path = NewspickUITests.swift; sourceTree = "<group>"; };
		38D0BD111FF39E6A00DFF22D /* Info.plist */ = {isa = PBXFileReference; lastKnownFileType = text.plist.xml; path = Info.plist; sourceTree = "<group>"; };
		38D0BD221FF3A4FB00DFF22D /* NPLoginViewController.storyboard */ = {isa = PBXFileReference; fileEncoding = 4; lastKnownFileType = file.storyboard; path = NPLoginViewController.storyboard; sourceTree = "<group>"; };
		38D0BD241FF3A53B00DFF22D /* NPLoginViewController.swift */ = {isa = PBXFileReference; fileEncoding = 4; lastKnownFileType = sourcecode.swift; path = NPLoginViewController.swift; sourceTree = "<group>"; };
		38D0BD271FF3A7D000DFF22D /* Identifiers.swift */ = {isa = PBXFileReference; fileEncoding = 4; lastKnownFileType = sourcecode.swift; path = Identifiers.swift; sourceTree = "<group>"; };
		38D0BD2A1FF3FB6800DFF22D /* UtilityFunction.swift */ = {isa = PBXFileReference; fileEncoding = 4; lastKnownFileType = sourcecode.swift; path = UtilityFunction.swift; sourceTree = "<group>"; };
		38D0BD761FFA294B00DFF22D /* FaceIconCanvasView.swift */ = {isa = PBXFileReference; fileEncoding = 4; lastKnownFileType = sourcecode.swift; path = FaceIconCanvasView.swift; sourceTree = "<group>"; };
		38D0BD781FFA2B2700DFF22D /* NPFaceIconCanvasViewController.swift */ = {isa = PBXFileReference; fileEncoding = 4; lastKnownFileType = sourcecode.swift; path = NPFaceIconCanvasViewController.swift; sourceTree = "<group>"; };
		38D0BD7A1FFA2BE500DFF22D /* FaceIconCanvasViewConstants.swift */ = {isa = PBXFileReference; fileEncoding = 4; lastKnownFileType = sourcecode.swift; path = FaceIconCanvasViewConstants.swift; sourceTree = "<group>"; };
		38D0BD7C1FFA2FD400DFF22D /* NPFaceIconCanvasViewController.storyboard */ = {isa = PBXFileReference; fileEncoding = 4; lastKnownFileType = file.storyboard; path = NPFaceIconCanvasViewController.storyboard; sourceTree = "<group>"; };
		38D0BD7E1FFA33EF00DFF22D /* FaceIconView.swift */ = {isa = PBXFileReference; fileEncoding = 4; lastKnownFileType = sourcecode.swift; path = FaceIconView.swift; sourceTree = "<group>"; };
		38D0BD801FFA533700DFF22D /* ImageURLInfo.swift */ = {isa = PBXFileReference; fileEncoding = 4; lastKnownFileType = sourcecode.swift; path = ImageURLInfo.swift; sourceTree = "<group>"; };
		5C306A6E61E0F4FAF43DA438 /* Pods_NewspickUITests.framework */ = {isa = PBXFileReference; explicitFileType = wrapper.framework; includeInIndex = 0; path = Pods_NewspickUITests.framework; sourceTree = BUILT_PRODUCTS_DIR; };
		69B5AC4297DD8EBAE2A05240 /* Pods_NewspickTests.framework */ = {isa = PBXFileReference; explicitFileType = wrapper.framework; includeInIndex = 0; path = Pods_NewspickTests.framework; sourceTree = BUILT_PRODUCTS_DIR; };
		79B7D8BFC928D23DDA417F33 /* Pods-NewspickTests.debug.xcconfig */ = {isa = PBXFileReference; includeInIndex = 1; lastKnownFileType = text.xcconfig; name = "Pods-NewspickTests.debug.xcconfig"; path = "Pods/Target Support Files/Pods-NewspickTests/Pods-NewspickTests.debug.xcconfig"; sourceTree = "<group>"; };
		8C584E54925C0547BABC245F /* Pods_Newspick.framework */ = {isa = PBXFileReference; explicitFileType = wrapper.framework; includeInIndex = 0; path = Pods_Newspick.framework; sourceTree = BUILT_PRODUCTS_DIR; };
		95D6F28A627236DD3FC8EFA0 /* Pods-NewspickTests.release.xcconfig */ = {isa = PBXFileReference; includeInIndex = 1; lastKnownFileType = text.xcconfig; name = "Pods-NewspickTests.release.xcconfig"; path = "Pods/Target Support Files/Pods-NewspickTests/Pods-NewspickTests.release.xcconfig"; sourceTree = "<group>"; };
		993D270007EB0A1A20732A10 /* Pods-Newspick.release.xcconfig */ = {isa = PBXFileReference; includeInIndex = 1; lastKnownFileType = text.xcconfig; name = "Pods-Newspick.release.xcconfig"; path = "Pods/Target Support Files/Pods-Newspick/Pods-Newspick.release.xcconfig"; sourceTree = "<group>"; };
		D72D9CEF24DD21E0FDA663FD /* Pods-Newspick.debug.xcconfig */ = {isa = PBXFileReference; includeInIndex = 1; lastKnownFileType = text.xcconfig; name = "Pods-Newspick.debug.xcconfig"; path = "Pods/Target Support Files/Pods-Newspick/Pods-Newspick.debug.xcconfig"; sourceTree = "<group>"; };
/* End PBXFileReference section */

/* Begin PBXFrameworksBuildPhase section */
		38D0BCE91FF39E6A00DFF22D /* Frameworks */ = {
			isa = PBXFrameworksBuildPhase;
			buildActionMask = 2147483647;
			files = (
				E226842127BC8D92ED1E1338 /* Pods_Newspick.framework in Frameworks */,
			);
			runOnlyForDeploymentPostprocessing = 0;
		};
		38D0BCFD1FF39E6A00DFF22D /* Frameworks */ = {
			isa = PBXFrameworksBuildPhase;
			buildActionMask = 2147483647;
			files = (
				68B98D20B69DB3E796DFA73C /* Pods_NewspickTests.framework in Frameworks */,
			);
			runOnlyForDeploymentPostprocessing = 0;
		};
		38D0BD081FF39E6A00DFF22D /* Frameworks */ = {
			isa = PBXFrameworksBuildPhase;
			buildActionMask = 2147483647;
			files = (
				6A56624040A1FE427FFE3436 /* Pods_NewspickUITests.framework in Frameworks */,
			);
			runOnlyForDeploymentPostprocessing = 0;
		};
/* End PBXFrameworksBuildPhase section */

/* Begin PBXGroup section */
		38D0BCE31FF39E6A00DFF22D = {
			isa = PBXGroup;
			children = (
				38D0BCEE1FF39E6A00DFF22D /* Newspick */,
				38D0BD031FF39E6A00DFF22D /* NewspickTests */,
				38D0BD0E1FF39E6A00DFF22D /* NewspickUITests */,
				38D0BCED1FF39E6A00DFF22D /* Products */,
				7E79138D9E69889484EEA71C /* Pods */,
				64FFCEA21D14E21A807A3D6F /* Frameworks */,
			);
			sourceTree = "<group>";
		};
		38D0BCED1FF39E6A00DFF22D /* Products */ = {
			isa = PBXGroup;
			children = (
				38D0BCEC1FF39E6A00DFF22D /* Newspick.app */,
				38D0BD001FF39E6A00DFF22D /* NewspickTests.xctest */,
				38D0BD0B1FF39E6A00DFF22D /* NewspickUITests.xctest */,
			);
			name = Products;
			sourceTree = "<group>";
		};
		38D0BCEE1FF39E6A00DFF22D /* Newspick */ = {
			isa = PBXGroup;
			children = (
				38D0BD291FF3FAFF00DFF22D /* Utilities */,
				38D0BD1E1FF39EBD00DFF22D /* Views */,
				38D0BD211FF3A3AD00DFF22D /* Controllers */,
				38D0BD261FF3A79D00DFF22D /* Constants */,
				38D0BD201FF3A38700DFF22D /* Resources */,
				38D0BD1F1FF39ECA00DFF22D /* Networking */,
				38D0BD1D1FF39EB200DFF22D /* Models */,
				38D0BCEF1FF39E6A00DFF22D /* AppDelegate.swift */,
				38D0BCFB1FF39E6A00DFF22D /* Info.plist */,
			);
			path = Newspick;
			sourceTree = "<group>";
		};
		38D0BD031FF39E6A00DFF22D /* NewspickTests */ = {
			isa = PBXGroup;
			children = (
				38D0BD041FF39E6A00DFF22D /* NewspickTests.swift */,
				38D0BD061FF39E6A00DFF22D /* Info.plist */,
			);
			path = NewspickTests;
			sourceTree = "<group>";
		};
		38D0BD0E1FF39E6A00DFF22D /* NewspickUITests */ = {
			isa = PBXGroup;
			children = (
				38D0BD0F1FF39E6A00DFF22D /* NewspickUITests.swift */,
				38D0BD111FF39E6A00DFF22D /* Info.plist */,
			);
			path = NewspickUITests;
			sourceTree = "<group>";
		};
		38D0BD1D1FF39EB200DFF22D /* Models */ = {
			isa = PBXGroup;
			children = (
			);
			name = Models;
			sourceTree = "<group>";
		};
		38D0BD1E1FF39EBD00DFF22D /* Views */ = {
			isa = PBXGroup;
			children = (
				38D0BD7E1FFA33EF00DFF22D /* FaceIconView.swift */,
				38D0BD761FFA294B00DFF22D /* FaceIconCanvasView.swift */,
				38D0BD341FF4B9BF00DFF22D /* Storyboard */,
			);
			name = Views;
			sourceTree = "<group>";
		};
		38D0BD1F1FF39ECA00DFF22D /* Networking */ = {
			isa = PBXGroup;
			children = (
			);
			name = Networking;
			sourceTree = "<group>";
		};
		38D0BD201FF3A38700DFF22D /* Resources */ = {
			isa = PBXGroup;
			children = (
				38D0BCF61FF39E6A00DFF22D /* Assets.xcassets */,
			);
			name = Resources;
			sourceTree = "<group>";
		};
		38D0BD211FF3A3AD00DFF22D /* Controllers */ = {
			isa = PBXGroup;
			children = (
				38D0BD241FF3A53B00DFF22D /* NPLoginViewController.swift */,
				38D0BD781FFA2B2700DFF22D /* NPFaceIconCanvasViewController.swift */,
			);
			name = Controllers;
			sourceTree = "<group>";
		};
		38D0BD261FF3A79D00DFF22D /* Constants */ = {
			isa = PBXGroup;
			children = (
				38D0BD271FF3A7D000DFF22D /* Identifiers.swift */,
				38D0BD7A1FFA2BE500DFF22D /* FaceIconCanvasViewConstants.swift */,
				38D0BD801FFA533700DFF22D /* ImageURLInfo.swift */,
			);
			name = Constants;
			sourceTree = "<group>";
		};
		38D0BD291FF3FAFF00DFF22D /* Utilities */ = {
			isa = PBXGroup;
			children = (
				38D0BD2A1FF3FB6800DFF22D /* UtilityFunction.swift */,
			);
			name = Utilities;
			sourceTree = "<group>";
		};
		38D0BD341FF4B9BF00DFF22D /* Storyboard */ = {
			isa = PBXGroup;
			children = (
				38D0BCF81FF39E6A00DFF22D /* LaunchScreen.storyboard */,
				38D0BD221FF3A4FB00DFF22D /* NPLoginViewController.storyboard */,
				38D0BD7C1FFA2FD400DFF22D /* NPFaceIconCanvasViewController.storyboard */,
			);
			name = Storyboard;
			sourceTree = "<group>";
		};
		64FFCEA21D14E21A807A3D6F /* Frameworks */ = {
			isa = PBXGroup;
			children = (
				8C584E54925C0547BABC245F /* Pods_Newspick.framework */,
				69B5AC4297DD8EBAE2A05240 /* Pods_NewspickTests.framework */,
				5C306A6E61E0F4FAF43DA438 /* Pods_NewspickUITests.framework */,
			);
			name = Frameworks;
			sourceTree = "<group>";
		};
		7E79138D9E69889484EEA71C /* Pods */ = {
			isa = PBXGroup;
			children = (
				D72D9CEF24DD21E0FDA663FD /* Pods-Newspick.debug.xcconfig */,
				993D270007EB0A1A20732A10 /* Pods-Newspick.release.xcconfig */,
				79B7D8BFC928D23DDA417F33 /* Pods-NewspickTests.debug.xcconfig */,
				95D6F28A627236DD3FC8EFA0 /* Pods-NewspickTests.release.xcconfig */,
				07711E9AC3A948F130159351 /* Pods-NewspickUITests.debug.xcconfig */,
				2B16B11E7EE41E96BD48A73C /* Pods-NewspickUITests.release.xcconfig */,
			);
			name = Pods;
			sourceTree = "<group>";
		};
/* End PBXGroup section */

/* Begin PBXNativeTarget section */
		38D0BCEB1FF39E6A00DFF22D /* Newspick */ = {
			isa = PBXNativeTarget;
			buildConfigurationList = 38D0BD141FF39E6A00DFF22D /* Build configuration list for PBXNativeTarget "Newspick" */;
			buildPhases = (
				42681C572920469AB6D88469 /* [CP] Check Pods Manifest.lock */,
				38D0BCE81FF39E6A00DFF22D /* Sources */,
				38D0BCE91FF39E6A00DFF22D /* Frameworks */,
				38D0BCEA1FF39E6A00DFF22D /* Resources */,
				0243D7791577D4A0BCA90499 /* [CP] Embed Pods Frameworks */,
				F267D224E38F117037E06FDE /* [CP] Copy Pods Resources */,
			);
			buildRules = (
			);
			dependencies = (
			);
			name = Newspick;
			productName = Newspick;
			productReference = 38D0BCEC1FF39E6A00DFF22D /* Newspick.app */;
			productType = "com.apple.product-type.application";
		};
		38D0BCFF1FF39E6A00DFF22D /* NewspickTests */ = {
			isa = PBXNativeTarget;
			buildConfigurationList = 38D0BD171FF39E6A00DFF22D /* Build configuration list for PBXNativeTarget "NewspickTests" */;
			buildPhases = (
				7B0946D650F27780A988796F /* [CP] Check Pods Manifest.lock */,
				38D0BCFC1FF39E6A00DFF22D /* Sources */,
				38D0BCFD1FF39E6A00DFF22D /* Frameworks */,
				38D0BCFE1FF39E6A00DFF22D /* Resources */,
				9666B8DF0392A29EBAB1F962 /* [CP] Embed Pods Frameworks */,
				C711F2E346BDE9513E7C7D94 /* [CP] Copy Pods Resources */,
			);
			buildRules = (
			);
			dependencies = (
				38D0BD021FF39E6A00DFF22D /* PBXTargetDependency */,
			);
			name = NewspickTests;
			productName = NewspickTests;
			productReference = 38D0BD001FF39E6A00DFF22D /* NewspickTests.xctest */;
			productType = "com.apple.product-type.bundle.unit-test";
		};
		38D0BD0A1FF39E6A00DFF22D /* NewspickUITests */ = {
			isa = PBXNativeTarget;
			buildConfigurationList = 38D0BD1A1FF39E6A00DFF22D /* Build configuration list for PBXNativeTarget "NewspickUITests" */;
			buildPhases = (
				051BC1EFD0797EEDC2C5608A /* [CP] Check Pods Manifest.lock */,
				38D0BD071FF39E6A00DFF22D /* Sources */,
				38D0BD081FF39E6A00DFF22D /* Frameworks */,
				38D0BD091FF39E6A00DFF22D /* Resources */,
				B18DE8ADFEC39FFC5D202190 /* [CP] Embed Pods Frameworks */,
				2097A832BD710363510DE9BB /* [CP] Copy Pods Resources */,
			);
			buildRules = (
			);
			dependencies = (
				38D0BD0D1FF39E6A00DFF22D /* PBXTargetDependency */,
			);
			name = NewspickUITests;
			productName = NewspickUITests;
			productReference = 38D0BD0B1FF39E6A00DFF22D /* NewspickUITests.xctest */;
			productType = "com.apple.product-type.bundle.ui-testing";
		};
/* End PBXNativeTarget section */

/* Begin PBXProject section */
		38D0BCE41FF39E6A00DFF22D /* Project object */ = {
			isa = PBXProject;
			attributes = {
				LastSwiftUpdateCheck = 0830;
				LastUpgradeCheck = 0830;
				ORGANIZATIONNAME = JonLu;
				TargetAttributes = {
					38D0BCEB1FF39E6A00DFF22D = {
						CreatedOnToolsVersion = 8.3.3;
						DevelopmentTeam = 8B6W3QZ9B3;
						ProvisioningStyle = Automatic;
					};
					38D0BCFF1FF39E6A00DFF22D = {
						CreatedOnToolsVersion = 8.3.3;
						DevelopmentTeam = 8B6W3QZ9B3;
						ProvisioningStyle = Automatic;
						TestTargetID = 38D0BCEB1FF39E6A00DFF22D;
					};
					38D0BD0A1FF39E6A00DFF22D = {
						CreatedOnToolsVersion = 8.3.3;
						DevelopmentTeam = 8B6W3QZ9B3;
						ProvisioningStyle = Automatic;
						TestTargetID = 38D0BCEB1FF39E6A00DFF22D;
					};
				};
			};
			buildConfigurationList = 38D0BCE71FF39E6A00DFF22D /* Build configuration list for PBXProject "Newspick" */;
			compatibilityVersion = "Xcode 3.2";
			developmentRegion = English;
			hasScannedForEncodings = 0;
			knownRegions = (
				en,
				Base,
			);
			mainGroup = 38D0BCE31FF39E6A00DFF22D;
			productRefGroup = 38D0BCED1FF39E6A00DFF22D /* Products */;
			projectDirPath = "";
			projectRoot = "";
			targets = (
				38D0BCEB1FF39E6A00DFF22D /* Newspick */,
				38D0BCFF1FF39E6A00DFF22D /* NewspickTests */,
				38D0BD0A1FF39E6A00DFF22D /* NewspickUITests */,
			);
		};
/* End PBXProject section */

/* Begin PBXResourcesBuildPhase section */
		38D0BCEA1FF39E6A00DFF22D /* Resources */ = {
			isa = PBXResourcesBuildPhase;
			buildActionMask = 2147483647;
			files = (
				38D0BCFA1FF39E6A00DFF22D /* LaunchScreen.storyboard in Resources */,
				38D0BD7D1FFA2FD400DFF22D /* NPFaceIconCanvasViewController.storyboard in Resources */,
				38D0BCF71FF39E6A00DFF22D /* Assets.xcassets in Resources */,
				38D0BD231FF3A4FB00DFF22D /* NPLoginViewController.storyboard in Resources */,
			);
			runOnlyForDeploymentPostprocessing = 0;
		};
		38D0BCFE1FF39E6A00DFF22D /* Resources */ = {
			isa = PBXResourcesBuildPhase;
			buildActionMask = 2147483647;
			files = (
			);
			runOnlyForDeploymentPostprocessing = 0;
		};
		38D0BD091FF39E6A00DFF22D /* Resources */ = {
			isa = PBXResourcesBuildPhase;
			buildActionMask = 2147483647;
			files = (
			);
			runOnlyForDeploymentPostprocessing = 0;
		};
/* End PBXResourcesBuildPhase section */

/* Begin PBXShellScriptBuildPhase section */
		0243D7791577D4A0BCA90499 /* [CP] Embed Pods Frameworks */ = {
			isa = PBXShellScriptBuildPhase;
			buildActionMask = 2147483647;
			files = (
			);
			inputPaths = (
				"${SRCROOT}/Pods/Target Support Files/Pods-Newspick/Pods-Newspick-frameworks.sh",
				"${BUILT_PRODUCTS_DIR}/SVProgressHUD/SVProgressHUD.framework",
			);
			name = "[CP] Embed Pods Frameworks";
			outputPaths = (
				"${TARGET_BUILD_DIR}/${FRAMEWORKS_FOLDER_PATH}/SVProgressHUD.framework",
			);
			runOnlyForDeploymentPostprocessing = 0;
			shellPath = /bin/sh;
			shellScript = "\"${SRCROOT}/Pods/Target Support Files/Pods-Newspick/Pods-Newspick-frameworks.sh\"\n";
			showEnvVarsInLog = 0;
		};
		051BC1EFD0797EEDC2C5608A /* [CP] Check Pods Manifest.lock */ = {
			isa = PBXShellScriptBuildPhase;
			buildActionMask = 2147483647;
			files = (
			);
			inputPaths = (
				"${PODS_PODFILE_DIR_PATH}/Podfile.lock",
				"${PODS_ROOT}/Manifest.lock",
			);
			name = "[CP] Check Pods Manifest.lock";
			outputPaths = (
				"$(DERIVED_FILE_DIR)/Pods-NewspickUITests-checkManifestLockResult.txt",
			);
			runOnlyForDeploymentPostprocessing = 0;
			shellPath = /bin/sh;
			shellScript = "diff \"${PODS_PODFILE_DIR_PATH}/Podfile.lock\" \"${PODS_ROOT}/Manifest.lock\" > /dev/null\nif [ $? != 0 ] ; then\n    # print error to STDERR\n    echo \"error: The sandbox is not in sync with the Podfile.lock. Run 'pod install' or update your CocoaPods installation.\" >&2\n    exit 1\nfi\n# This output is used by Xcode 'outputs' to avoid re-running this script phase.\necho \"SUCCESS\" > \"${SCRIPT_OUTPUT_FILE_0}\"\n";
			showEnvVarsInLog = 0;
		};
		2097A832BD710363510DE9BB /* [CP] Copy Pods Resources */ = {
			isa = PBXShellScriptBuildPhase;
			buildActionMask = 2147483647;
			files = (
			);
			inputPaths = (
			);
			name = "[CP] Copy Pods Resources";
			outputPaths = (
			);
			runOnlyForDeploymentPostprocessing = 0;
			shellPath = /bin/sh;
			shellScript = "\"${SRCROOT}/Pods/Target Support Files/Pods-NewspickUITests/Pods-NewspickUITests-resources.sh\"\n";
			showEnvVarsInLog = 0;
		};
		42681C572920469AB6D88469 /* [CP] Check Pods Manifest.lock */ = {
			isa = PBXShellScriptBuildPhase;
			buildActionMask = 2147483647;
			files = (
			);
			inputPaths = (
				"${PODS_PODFILE_DIR_PATH}/Podfile.lock",
				"${PODS_ROOT}/Manifest.lock",
			);
			name = "[CP] Check Pods Manifest.lock";
			outputPaths = (
				"$(DERIVED_FILE_DIR)/Pods-Newspick-checkManifestLockResult.txt",
			);
			runOnlyForDeploymentPostprocessing = 0;
			shellPath = /bin/sh;
			shellScript = "diff \"${PODS_PODFILE_DIR_PATH}/Podfile.lock\" \"${PODS_ROOT}/Manifest.lock\" > /dev/null\nif [ $? != 0 ] ; then\n    # print error to STDERR\n    echo \"error: The sandbox is not in sync with the Podfile.lock. Run 'pod install' or update your CocoaPods installation.\" >&2\n    exit 1\nfi\n# This output is used by Xcode 'outputs' to avoid re-running this script phase.\necho \"SUCCESS\" > \"${SCRIPT_OUTPUT_FILE_0}\"\n";
			showEnvVarsInLog = 0;
		};
		7B0946D650F27780A988796F /* [CP] Check Pods Manifest.lock */ = {
			isa = PBXShellScriptBuildPhase;
			buildActionMask = 2147483647;
			files = (
			);
			inputPaths = (
				"${PODS_PODFILE_DIR_PATH}/Podfile.lock",
				"${PODS_ROOT}/Manifest.lock",
			);
			name = "[CP] Check Pods Manifest.lock";
			outputPaths = (
				"$(DERIVED_FILE_DIR)/Pods-NewspickTests-checkManifestLockResult.txt",
			);
			runOnlyForDeploymentPostprocessing = 0;
			shellPath = /bin/sh;
			shellScript = "diff \"${PODS_PODFILE_DIR_PATH}/Podfile.lock\" \"${PODS_ROOT}/Manifest.lock\" > /dev/null\nif [ $? != 0 ] ; then\n    # print error to STDERR\n    echo \"error: The sandbox is not in sync with the Podfile.lock. Run 'pod install' or update your CocoaPods installation.\" >&2\n    exit 1\nfi\n# This output is used by Xcode 'outputs' to avoid re-running this script phase.\necho \"SUCCESS\" > \"${SCRIPT_OUTPUT_FILE_0}\"\n";
			showEnvVarsInLog = 0;
		};
		9666B8DF0392A29EBAB1F962 /* [CP] Embed Pods Frameworks */ = {
			isa = PBXShellScriptBuildPhase;
			buildActionMask = 2147483647;
			files = (
			);
			inputPaths = (
			);
			name = "[CP] Embed Pods Frameworks";
			outputPaths = (
			);
			runOnlyForDeploymentPostprocessing = 0;
			shellPath = /bin/sh;
			shellScript = "\"${SRCROOT}/Pods/Target Support Files/Pods-NewspickTests/Pods-NewspickTests-frameworks.sh\"\n";
			showEnvVarsInLog = 0;
		};
		B18DE8ADFEC39FFC5D202190 /* [CP] Embed Pods Frameworks */ = {
			isa = PBXShellScriptBuildPhase;
			buildActionMask = 2147483647;
			files = (
			);
			inputPaths = (
			);
			name = "[CP] Embed Pods Frameworks";
			outputPaths = (
			);
			runOnlyForDeploymentPostprocessing = 0;
			shellPath = /bin/sh;
			shellScript = "\"${SRCROOT}/Pods/Target Support Files/Pods-NewspickUITests/Pods-NewspickUITests-frameworks.sh\"\n";
			showEnvVarsInLog = 0;
		};
		C711F2E346BDE9513E7C7D94 /* [CP] Copy Pods Resources */ = {
			isa = PBXShellScriptBuildPhase;
			buildActionMask = 2147483647;
			files = (
			);
			inputPaths = (
			);
			name = "[CP] Copy Pods Resources";
			outputPaths = (
			);
			runOnlyForDeploymentPostprocessing = 0;
			shellPath = /bin/sh;
			shellScript = "\"${SRCROOT}/Pods/Target Support Files/Pods-NewspickTests/Pods-NewspickTests-resources.sh\"\n";
			showEnvVarsInLog = 0;
		};
		F267D224E38F117037E06FDE /* [CP] Copy Pods Resources */ = {
			isa = PBXShellScriptBuildPhase;
			buildActionMask = 2147483647;
			files = (
			);
			inputPaths = (
			);
			name = "[CP] Copy Pods Resources";
			outputPaths = (
			);
			runOnlyForDeploymentPostprocessing = 0;
			shellPath = /bin/sh;
			shellScript = "\"${SRCROOT}/Pods/Target Support Files/Pods-Newspick/Pods-Newspick-resources.sh\"\n";
			showEnvVarsInLog = 0;
		};
/* End PBXShellScriptBuildPhase section */

/* Begin PBXSourcesBuildPhase section */
		38D0BCE81FF39E6A00DFF22D /* Sources */ = {
			isa = PBXSourcesBuildPhase;
			buildActionMask = 2147483647;
			files = (
				38D0BD811FFA533700DFF22D /* ImageURLInfo.swift in Sources */,
				38D0BD7F1FFA33EF00DFF22D /* FaceIconView.swift in Sources */,
				38D0BD791FFA2B2700DFF22D /* NPFaceIconCanvasViewController.swift in Sources */,
				38D0BD251FF3A53B00DFF22D /* NPLoginViewController.swift in Sources */,
				38D0BD281FF3A7D000DFF22D /* Identifiers.swift in Sources */,
				38D0BD2B1FF3FB6800DFF22D /* UtilityFunction.swift in Sources */,
				38D0BD771FFA294B00DFF22D /* FaceIconCanvasView.swift in Sources */,
				38D0BD7B1FFA2BE500DFF22D /* FaceIconCanvasViewConstants.swift in Sources */,
				38D0BCF01FF39E6A00DFF22D /* AppDelegate.swift in Sources */,
			);
			runOnlyForDeploymentPostprocessing = 0;
		};
		38D0BCFC1FF39E6A00DFF22D /* Sources */ = {
			isa = PBXSourcesBuildPhase;
			buildActionMask = 2147483647;
			files = (
				38D0BD051FF39E6A00DFF22D /* NewspickTests.swift in Sources */,
			);
			runOnlyForDeploymentPostprocessing = 0;
		};
		38D0BD071FF39E6A00DFF22D /* Sources */ = {
			isa = PBXSourcesBuildPhase;
			buildActionMask = 2147483647;
			files = (
				38D0BD101FF39E6A00DFF22D /* NewspickUITests.swift in Sources */,
			);
			runOnlyForDeploymentPostprocessing = 0;
		};
/* End PBXSourcesBuildPhase section */

/* Begin PBXTargetDependency section */
		38D0BD021FF39E6A00DFF22D /* PBXTargetDependency */ = {
			isa = PBXTargetDependency;
			target = 38D0BCEB1FF39E6A00DFF22D /* Newspick */;
			targetProxy = 38D0BD011FF39E6A00DFF22D /* PBXContainerItemProxy */;
		};
		38D0BD0D1FF39E6A00DFF22D /* PBXTargetDependency */ = {
			isa = PBXTargetDependency;
			target = 38D0BCEB1FF39E6A00DFF22D /* Newspick */;
			targetProxy = 38D0BD0C1FF39E6A00DFF22D /* PBXContainerItemProxy */;
		};
/* End PBXTargetDependency section */

/* Begin PBXVariantGroup section */
		38D0BCF81FF39E6A00DFF22D /* LaunchScreen.storyboard */ = {
			isa = PBXVariantGroup;
			children = (
				38D0BCF91FF39E6A00DFF22D /* Base */,
			);
			name = LaunchScreen.storyboard;
			sourceTree = "<group>";
		};
/* End PBXVariantGroup section */

/* Begin XCBuildConfiguration section */
		38D0BD121FF39E6A00DFF22D /* Debug */ = {
			isa = XCBuildConfiguration;
			buildSettings = {
				ALWAYS_SEARCH_USER_PATHS = NO;
				CLANG_ANALYZER_NONNULL = YES;
				CLANG_ANALYZER_NUMBER_OBJECT_CONVERSION = YES_AGGRESSIVE;
				CLANG_CXX_LANGUAGE_STANDARD = "gnu++0x";
				CLANG_CXX_LIBRARY = "libc++";
				CLANG_ENABLE_MODULES = YES;
				CLANG_ENABLE_OBJC_ARC = YES;
				CLANG_WARN_BOOL_CONVERSION = YES;
				CLANG_WARN_CONSTANT_CONVERSION = YES;
				CLANG_WARN_DIRECT_OBJC_ISA_USAGE = YES_ERROR;
				CLANG_WARN_DOCUMENTATION_COMMENTS = YES;
				CLANG_WARN_EMPTY_BODY = YES;
				CLANG_WARN_ENUM_CONVERSION = YES;
				CLANG_WARN_INFINITE_RECURSION = YES;
				CLANG_WARN_INT_CONVERSION = YES;
				CLANG_WARN_OBJC_ROOT_CLASS = YES_ERROR;
				CLANG_WARN_SUSPICIOUS_MOVE = YES;
				CLANG_WARN_UNREACHABLE_CODE = YES;
				CLANG_WARN__DUPLICATE_METHOD_MATCH = YES;
				"CODE_SIGN_IDENTITY[sdk=iphoneos*]" = "iPhone Developer";
				COPY_PHASE_STRIP = NO;
				DEBUG_INFORMATION_FORMAT = dwarf;
				ENABLE_STRICT_OBJC_MSGSEND = YES;
				ENABLE_TESTABILITY = YES;
				GCC_C_LANGUAGE_STANDARD = gnu99;
				GCC_DYNAMIC_NO_PIC = NO;
				GCC_NO_COMMON_BLOCKS = YES;
				GCC_OPTIMIZATION_LEVEL = 0;
				GCC_PREPROCESSOR_DEFINITIONS = (
					"DEBUG=1",
					"$(inherited)",
				);
				GCC_WARN_64_TO_32_BIT_CONVERSION = YES;
				GCC_WARN_ABOUT_RETURN_TYPE = YES_ERROR;
				GCC_WARN_UNDECLARED_SELECTOR = YES;
				GCC_WARN_UNINITIALIZED_AUTOS = YES_AGGRESSIVE;
				GCC_WARN_UNUSED_FUNCTION = YES;
				GCC_WARN_UNUSED_VARIABLE = YES;
				IPHONEOS_DEPLOYMENT_TARGET = 10.3;
				MTL_ENABLE_DEBUG_INFO = YES;
				ONLY_ACTIVE_ARCH = YES;
				SDKROOT = iphoneos;
				SWIFT_ACTIVE_COMPILATION_CONDITIONS = DEBUG;
				SWIFT_OPTIMIZATION_LEVEL = "-Onone";
			};
			name = Debug;
		};
		38D0BD131FF39E6A00DFF22D /* Release */ = {
			isa = XCBuildConfiguration;
			buildSettings = {
				ALWAYS_SEARCH_USER_PATHS = NO;
				CLANG_ANALYZER_NONNULL = YES;
				CLANG_ANALYZER_NUMBER_OBJECT_CONVERSION = YES_AGGRESSIVE;
				CLANG_CXX_LANGUAGE_STANDARD = "gnu++0x";
				CLANG_CXX_LIBRARY = "libc++";
				CLANG_ENABLE_MODULES = YES;
				CLANG_ENABLE_OBJC_ARC = YES;
				CLANG_WARN_BOOL_CONVERSION = YES;
				CLANG_WARN_CONSTANT_CONVERSION = YES;
				CLANG_WARN_DIRECT_OBJC_ISA_USAGE = YES_ERROR;
				CLANG_WARN_DOCUMENTATION_COMMENTS = YES;
				CLANG_WARN_EMPTY_BODY = YES;
				CLANG_WARN_ENUM_CONVERSION = YES;
				CLANG_WARN_INFINITE_RECURSION = YES;
				CLANG_WARN_INT_CONVERSION = YES;
				CLANG_WARN_OBJC_ROOT_CLASS = YES_ERROR;
				CLANG_WARN_SUSPICIOUS_MOVE = YES;
				CLANG_WARN_UNREACHABLE_CODE = YES;
				CLANG_WARN__DUPLICATE_METHOD_MATCH = YES;
				"CODE_SIGN_IDENTITY[sdk=iphoneos*]" = "iPhone Developer";
				COPY_PHASE_STRIP = NO;
				DEBUG_INFORMATION_FORMAT = "dwarf-with-dsym";
				ENABLE_NS_ASSERTIONS = NO;
				ENABLE_STRICT_OBJC_MSGSEND = YES;
				GCC_C_LANGUAGE_STANDARD = gnu99;
				GCC_NO_COMMON_BLOCKS = YES;
				GCC_WARN_64_TO_32_BIT_CONVERSION = YES;
				GCC_WARN_ABOUT_RETURN_TYPE = YES_ERROR;
				GCC_WARN_UNDECLARED_SELECTOR = YES;
				GCC_WARN_UNINITIALIZED_AUTOS = YES_AGGRESSIVE;
				GCC_WARN_UNUSED_FUNCTION = YES;
				GCC_WARN_UNUSED_VARIABLE = YES;
				IPHONEOS_DEPLOYMENT_TARGET = 10.3;
				MTL_ENABLE_DEBUG_INFO = NO;
				SDKROOT = iphoneos;
				SWIFT_OPTIMIZATION_LEVEL = "-Owholemodule";
				VALIDATE_PRODUCT = YES;
			};
			name = Release;
		};
		38D0BD151FF39E6A00DFF22D /* Debug */ = {
			isa = XCBuildConfiguration;
			baseConfigurationReference = D72D9CEF24DD21E0FDA663FD /* Pods-Newspick.debug.xcconfig */;
			buildSettings = {
				ASSETCATALOG_COMPILER_APPICON_NAME = AppIcon;
				DEVELOPMENT_TEAM = 8B6W3QZ9B3;
				INFOPLIST_FILE = Newspick/Info.plist;
				LD_RUNPATH_SEARCH_PATHS = "$(inherited) @executable_path/Frameworks";
				PRODUCT_BUNDLE_IDENTIFIER = com.hyperapp.Newspick;
				PRODUCT_NAME = "$(TARGET_NAME)";
				SWIFT_VERSION = 3.0;
			};
			name = Debug;
		};
		38D0BD161FF39E6A00DFF22D /* Release */ = {
			isa = XCBuildConfiguration;
			baseConfigurationReference = 993D270007EB0A1A20732A10 /* Pods-Newspick.release.xcconfig */;
			buildSettings = {
				ASSETCATALOG_COMPILER_APPICON_NAME = AppIcon;
				DEVELOPMENT_TEAM = 8B6W3QZ9B3;
				INFOPLIST_FILE = Newspick/Info.plist;
				LD_RUNPATH_SEARCH_PATHS = "$(inherited) @executable_path/Frameworks";
				PRODUCT_BUNDLE_IDENTIFIER = com.hyperapp.Newspick;
				PRODUCT_NAME = "$(TARGET_NAME)";
				SWIFT_VERSION = 3.0;
			};
			name = Release;
		};
		38D0BD181FF39E6A00DFF22D /* Debug */ = {
			isa = XCBuildConfiguration;
			baseConfigurationReference = 79B7D8BFC928D23DDA417F33 /* Pods-NewspickTests.debug.xcconfig */;
			buildSettings = {
				ALWAYS_EMBED_SWIFT_STANDARD_LIBRARIES = YES;
				BUNDLE_LOADER = "$(TEST_HOST)";
				DEVELOPMENT_TEAM = 8B6W3QZ9B3;
				INFOPLIST_FILE = NewspickTests/Info.plist;
				LD_RUNPATH_SEARCH_PATHS = "$(inherited) @executable_path/Frameworks @loader_path/Frameworks";
				PRODUCT_BUNDLE_IDENTIFIER = com.hyperapp.NewspickTests;
				PRODUCT_NAME = "$(TARGET_NAME)";
				SWIFT_VERSION = 3.0;
				TEST_HOST = "$(BUILT_PRODUCTS_DIR)/Newspick.app/Newspick";
			};
			name = Debug;
		};
		38D0BD191FF39E6A00DFF22D /* Release */ = {
			isa = XCBuildConfiguration;
			baseConfigurationReference = 95D6F28A627236DD3FC8EFA0 /* Pods-NewspickTests.release.xcconfig */;
			buildSettings = {
				ALWAYS_EMBED_SWIFT_STANDARD_LIBRARIES = YES;
				BUNDLE_LOADER = "$(TEST_HOST)";
				DEVELOPMENT_TEAM = 8B6W3QZ9B3;
				INFOPLIST_FILE = NewspickTests/Info.plist;
				LD_RUNPATH_SEARCH_PATHS = "$(inherited) @executable_path/Frameworks @loader_path/Frameworks";
				PRODUCT_BUNDLE_IDENTIFIER = com.hyperapp.NewspickTests;
				PRODUCT_NAME = "$(TARGET_NAME)";
				SWIFT_VERSION = 3.0;
				TEST_HOST = "$(BUILT_PRODUCTS_DIR)/Newspick.app/Newspick";
			};
			name = Release;
		};
		38D0BD1B1FF39E6A00DFF22D /* Debug */ = {
			isa = XCBuildConfiguration;
			baseConfigurationReference = 07711E9AC3A948F130159351 /* Pods-NewspickUITests.debug.xcconfig */;
			buildSettings = {
				ALWAYS_EMBED_SWIFT_STANDARD_LIBRARIES = YES;
				DEVELOPMENT_TEAM = 8B6W3QZ9B3;
				INFOPLIST_FILE = NewspickUITests/Info.plist;
				LD_RUNPATH_SEARCH_PATHS = "$(inherited) @executable_path/Frameworks @loader_path/Frameworks";
				PRODUCT_BUNDLE_IDENTIFIER = com.hyperapp.NewspickUITests;
				PRODUCT_NAME = "$(TARGET_NAME)";
				SWIFT_VERSION = 3.0;
				TEST_TARGET_NAME = Newspick;
			};
			name = Debug;
		};
		38D0BD1C1FF39E6A00DFF22D /* Release */ = {
			isa = XCBuildConfiguration;
			baseConfigurationReference = 2B16B11E7EE41E96BD48A73C /* Pods-NewspickUITests.release.xcconfig */;
			buildSettings = {
				ALWAYS_EMBED_SWIFT_STANDARD_LIBRARIES = YES;
				DEVELOPMENT_TEAM = 8B6W3QZ9B3;
				INFOPLIST_FILE = NewspickUITests/Info.plist;
				LD_RUNPATH_SEARCH_PATHS = "$(inherited) @executable_path/Frameworks @loader_path/Frameworks";
				PRODUCT_BUNDLE_IDENTIFIER = com.hyperapp.NewspickUITests;
				PRODUCT_NAME = "$(TARGET_NAME)";
				SWIFT_VERSION = 3.0;
				TEST_TARGET_NAME = Newspick;
			};
			name = Release;
		};
/* End XCBuildConfiguration section */

/* Begin XCConfigurationList section */
		38D0BCE71FF39E6A00DFF22D /* Build configuration list for PBXProject "Newspick" */ = {
			isa = XCConfigurationList;
			buildConfigurations = (
				38D0BD121FF39E6A00DFF22D /* Debug */,
				38D0BD131FF39E6A00DFF22D /* Release */,
			);
			defaultConfigurationIsVisible = 0;
			defaultConfigurationName = Release;
		};
		38D0BD141FF39E6A00DFF22D /* Build configuration list for PBXNativeTarget "Newspick" */ = {
			isa = XCConfigurationList;
			buildConfigurations = (
				38D0BD151FF39E6A00DFF22D /* Debug */,
				38D0BD161FF39E6A00DFF22D /* Release */,
			);
			defaultConfigurationIsVisible = 0;
			defaultConfigurationName = Release;
		};
		38D0BD171FF39E6A00DFF22D /* Build configuration list for PBXNativeTarget "NewspickTests" */ = {
			isa = XCConfigurationList;
			buildConfigurations = (
				38D0BD181FF39E6A00DFF22D /* Debug */,
				38D0BD191FF39E6A00DFF22D /* Release */,
			);
			defaultConfigurationIsVisible = 0;
			defaultConfigurationName = Release;
		};
		38D0BD1A1FF39E6A00DFF22D /* Build configuration list for PBXNativeTarget "NewspickUITests" */ = {
			isa = XCConfigurationList;
			buildConfigurations = (
				38D0BD1B1FF39E6A00DFF22D /* Debug */,
				38D0BD1C1FF39E6A00DFF22D /* Release */,
			);
			defaultConfigurationIsVisible = 0;
			defaultConfigurationName = Release;
		};
/* End XCConfigurationList section */
	};
	rootObject = 38D0BCE41FF39E6A00DFF22D /* Project object */;
}
